
Microsoft Visual Studio Solution File, Format Version 12.00
# Visual Studio Version 16
VisualStudioVersion = 16.0.29215.179
MinimumVisualStudioVersion = 10.0.40219.1
Project("{FAE04EC0-301F-11D3-BF4B-00C04F79EFBC}") = "MuseosBogotaWeb", "MuseosBogotaWeb\MuseosBogotaWeb.csproj", "{943383D3-3481-4550-AD91-B95667489907}"
EndProject
Project("{2150E333-8FDC-42A3-9474-1A3956D46DE8}") = "Presentation", "Presentation", "{B7BE97D6-AF9B-4B54-ABCE-05EE8576FF95}"
EndProject
Project("{2150E333-8FDC-42A3-9474-1A3956D46DE8}") = "Web", "Web", "{CFC29ECE-3248-4F00-8DD0-882D0CDB1DF9}"
EndProject
Project("{2150E333-8FDC-42A3-9474-1A3956D46DE8}") = "Console", "Console", "{F0DA3F53-FB4A-4F4F-8564-79516B8B480F}"
EndProject
Project("{FAE04EC0-301F-11D3-BF4B-00C04F79EFBC}") = "ChatServer", "ChatServer\ChatServer.csproj", "{F50BDB48-3E67-498D-AA5A-784370120DC8}"
EndProject
Project("{FAE04EC0-301F-11D3-BF4B-00C04F79EFBC}") = "ChatClient", "ChatClient\ChatClient.csproj", "{072062E5-BD27-4D1A-84EA-75C3C131A4F8}"
EndProject
Global
	GlobalSection(SolutionConfigurationPlatforms) = preSolution
		Debug|Any CPU = Debug|Any CPU
		Release|Any CPU = Release|Any CPU
	EndGlobalSection
	GlobalSection(ProjectConfigurationPlatforms) = postSolution
		{943383D3-3481-4550-AD91-B95667489907}.Debug|Any CPU.ActiveCfg = Debug|Any CPU
		{943383D3-3481-4550-AD91-B95667489907}.Debug|Any CPU.Build.0 = Debug|Any CPU
		{943383D3-3481-4550-AD91-B95667489907}.Release|Any CPU.ActiveCfg = Release|Any CPU
		{943383D3-3481-4550-AD91-B95667489907}.Release|Any CPU.Build.0 = Release|Any CPU
		{F50BDB48-3E67-498D-AA5A-784370120DC8}.Debug|Any CPU.ActiveCfg = Debug|Any CPU
		{F50BDB48-3E67-498D-AA5A-784370120DC8}.Debug|Any CPU.Build.0 = Debug|Any CPU
		{F50BDB48-3E67-498D-AA5A-784370120DC8}.Release|Any CPU.ActiveCfg = Release|Any CPU
		{F50BDB48-3E67-498D-AA5A-784370120DC8}.Release|Any CPU.Build.0 = Release|Any CPU
		{072062E5-BD27-4D1A-84EA-75C3C131A4F8}.Debug|Any CPU.ActiveCfg = Debug|Any CPU
		{072062E5-BD27-4D1A-84EA-75C3C131A4F8}.Debug|Any CPU.Build.0 = Debug|Any CPU
		{072062E5-BD27-4D1A-84EA-75C3C131A4F8}.Release|Any CPU.ActiveCfg = Release|Any CPU
		{072062E5-BD27-4D1A-84EA-75C3C131A4F8}.Release|Any CPU.Build.0 = Release|Any CPU
	EndGlobalSection
	GlobalSection(SolutionProperties) = preSolution
		HideSolutionNode = FALSE
	EndGlobalSection
	GlobalSection(NestedProjects) = preSolution
		{943383D3-3481-4550-AD91-B95667489907} = {CFC29ECE-3248-4F00-8DD0-882D0CDB1DF9}
		{CFC29ECE-3248-4F00-8DD0-882D0CDB1DF9} = {B7BE97D6-AF9B-4B54-ABCE-05EE8576FF95}
		{F0DA3F53-FB4A-4F4F-8564-79516B8B480F} = {B7BE97D6-AF9B-4B54-ABCE-05EE8576FF95}
		{F50BDB48-3E67-498D-AA5A-784370120DC8} = {F0DA3F53-FB4A-4F4F-8564-79516B8B480F}
		{072062E5-BD27-4D1A-84EA-75C3C131A4F8} = {F0DA3F53-FB4A-4F4F-8564-79516B8B480F}
	EndGlobalSection
	GlobalSection(ExtensibilityGlobals) = postSolution
		SolutionGuid = {E4FAA480-27E4-4369-ACE9-9349D84154FC}
	EndGlobalSection
EndGlobal
