
Microsoft Visual Studio Solution File, Format Version 12.00
# Visual Studio Version 16
VisualStudioVersion = 16.0.29215.179
MinimumVisualStudioVersion = 10.0.40219.1
Project("{FAE04EC0-301F-11D3-BF4B-00C04F79EFBC}") = "MuseosBogotaWeb", "MuseosBogotaWeb\MuseosBogotaWeb.csproj", "{943383D3-3481-4550-AD91-B95667489907}"
EndProject
Global
	GlobalSection(SolutionConfigurationPlatforms) = preSolution
		Debug|Any CPU = Debug|Any CPU
		Release|Any CPU = Release|Any CPU
	EndGlobalSection
	GlobalSection(ProjectConfigurationPlatforms) = postSolution
		{943383D3-3481-4550-AD91-B95667489907}.Debug|Any CPU.ActiveCfg = Debug|Any CPU
		{943383D3-3481-4550-AD91-B95667489907}.Debug|Any CPU.Build.0 = Debug|Any CPU
		{943383D3-3481-4550-AD91-B95667489907}.Release|Any CPU.ActiveCfg = Release|Any CPU
		{943383D3-3481-4550-AD91-B95667489907}.Release|Any CPU.Build.0 = Release|Any CPU
	EndGlobalSection
	GlobalSection(SolutionProperties) = preSolution
		HideSolutionNode = FALSE
	EndGlobalSection
	GlobalSection(ExtensibilityGlobals) = postSolution
		SolutionGuid = {E4FAA480-27E4-4369-ACE9-9349D84154FC}
	EndGlobalSection
EndGlobal
